# This file is automatically @generated by Cargo.
# It is not intended for manual editing.
[[package]]
name = "arc-swap"
version = "0.4.3"
source = "registry+https://github.com/rust-lang/crates.io-index"

[[package]]
name = "libc"
version = "0.2.65"
source = "registry+https://github.com/rust-lang/crates.io-index"

[[package]]
name = "signal-hook"
version = "0.1.11"
source = "registry+https://github.com/rust-lang/crates.io-index"
dependencies = [
 "libc 0.2.65 (registry+https://github.com/rust-lang/crates.io-index)",
 "signal-hook-registry 1.1.1 (registry+https://github.com/rust-lang/crates.io-index)",
]

[[package]]
name = "signal-hook-registry"
version = "1.1.1"
source = "registry+https://github.com/rust-lang/crates.io-index"
dependencies = [
 "arc-swap 0.4.3 (registry+https://github.com/rust-lang/crates.io-index)",
 "libc 0.2.65 (registry+https://github.com/rust-lang/crates.io-index)",
]

[[package]]
name = "signal_hook2"
version = "0.1.0"
dependencies = [
 "signal-hook 0.1.11 (registry+https://github.com/rust-lang/crates.io-index)",
]

[metadata]
"checksum arc-swap 0.4.3 (registry+https://github.com/rust-lang/crates.io-index)" = "f1a1eca3195b729bbd64e292ef2f5fff6b1c28504fed762ce2b1013dde4d8e92"
"checksum libc 0.2.65 (registry+https://github.com/rust-lang/crates.io-index)" = "1a31a0627fdf1f6a39ec0dd577e101440b7db22672c0901fe00a9a6fbb5c24e8"
"checksum signal-hook 0.1.11 (registry+https://github.com/rust-lang/crates.io-index)" = "cb543aecec4ba8b867f41284729ddfdb7e8fcd70ec3d7d37fca3007a4b53675f"
"checksum signal-hook-registry 1.1.1 (registry+https://github.com/rust-lang/crates.io-index)" = "1797d48f38f91643908bb14e35e79928f9f4b3cefb2420a564dde0991b4358dc"
