# This file is automatically @generated by Cargo.
# It is not intended for manual editing.
[[package]]
name = "exp"
version = "0.1.0"
dependencies = [
 "lip 0.1.0",
 "lip1 0.1.0",
 "lip2 0.1.0",
 "lip3 0.1.0",
]

[[package]]
name = "lip"
version = "0.1.0"

[[package]]
name = "lip1"
version = "0.1.0"

[[package]]
name = "lip2"
version = "0.1.0"

[[package]]
name = "lip3"
version = "0.1.0"

